
Microsoft Visual Studio Solution File, Format Version 12.00
# Visual Studio Version 17
VisualStudioVersion = 17.14.37301.10 d17.14
MinimumVisualStudioVersion = 10.0.40219.1
Project("{FAE04EC0-301F-11D3-BF4B-00C04F79EFBC}") = "Warehouse", "Warehouse\Warehouse.csproj", "{CC366432-13E5-4F42-837B-0533D3F5D84E}"
EndProject
Project("{FAE04EC0-301F-11D3-BF4B-00C04F79EFBC}") = "WarehouseData", "WarehouseData\WarehouseData.csproj", "{1961ED7C-97AE-4C3F-B78B-381E802C0CF5}"
EndProject
Global
	GlobalSection(SolutionConfigurationPlatforms) = preSolution
		Debug|Any CPU = Debug|Any CPU
		Release|Any CPU = Release|Any CPU
	EndGlobalSection
	GlobalSection(ProjectConfigurationPlatforms) = postSolution
		{CC366432-13E5-4F42-837B-0533D3F5D84E}.Debug|Any CPU.ActiveCfg = Debug|Any CPU
		{CC366432-13E5-4F42-837B-0533D3F5D84E}.Debug|Any CPU.Build.0 = Debug|Any CPU
		{CC366432-13E5-4F42-837B-0533D3F5D84E}.Release|Any CPU.ActiveCfg = Release|Any CPU
		{CC366432-13E5-4F42-837B-0533D3F5D84E}.Release|Any CPU.Build.0 = Release|Any CPU
		{1961ED7C-97AE-4C3F-B78B-381E802C0CF5}.Debug|Any CPU.ActiveCfg = Debug|Any CPU
		{1961ED7C-97AE-4C3F-B78B-381E802C0CF5}.Debug|Any CPU.Build.0 = Debug|Any CPU
		{1961ED7C-97AE-4C3F-B78B-381E802C0CF5}.Release|Any CPU.ActiveCfg = Release|Any CPU
		{1961ED7C-97AE-4C3F-B78B-381E802C0CF5}.Release|Any CPU.Build.0 = Release|Any CPU
	EndGlobalSection
	GlobalSection(SolutionProperties) = preSolution
		HideSolutionNode = FALSE
	EndGlobalSection
	GlobalSection(ExtensibilityGlobals) = postSolution
		SolutionGuid = {D4D3ADA8-930E-4113-BEF9-27864A7880BA}
	EndGlobalSection
EndGlobal
